{
  "version": 4,
  "terraform_version": "1.14.8",
  "serial": 22,
  "lineage": "a3b7824d-4d6a-7aa9-b878-e210587ea703",
  "outputs": {},
  "resources": [
    {
      "mode": "managed",
      "type": "github_repository",
      "name": "terraform-first-repo",
      "provider": "provider[\"registry.terraform.io/hashicorp/github\"]",
      "instances": [
        {
          "schema_version": 1,
          "attributes": {
            "allow_auto_merge": false,
            "allow_forking": true,
            "allow_merge_commit": true,
            "allow_rebase_merge": true,
            "allow_squash_merge": true,
            "allow_update_branch": false,
            "archive_on_destroy": null,
            "archived": false,
            "auto_init": true,
            "default_branch": "main",
            "delete_branch_on_merge": false,
            "description": "",
            "etag": "W/\"22cfbef2380aa84728672dc09ad797305905c0c70bf507e5cfa77180123cc904\"",
            "fork": "false",
            "full_name": "harshaldhangar7/First-repo-from-harshal",
            "git_clone_url": "git://github.com/harshaldhangar7/First-repo-from-harshal.git",
            "gitignore_template": null,
            "has_discussions": false,
            "has_downloads": false,
            "has_issues": false,
            "has_projects": false,
            "has_wiki": false,
            "homepage_url": "",
            "html_url": "https://github.com/harshaldhangar7/First-repo-from-harshal",
            "http_clone_url": "https://github.com/harshaldhangar7/First-repo-from-harshal.git",
            "id": "First-repo-from-harshal",
            "ignore_vulnerability_alerts_during_read": false,
            "is_template": false,
            "license_template": null,
            "merge_commit_message": "PR_TITLE",
            "merge_commit_title": "MERGE_MESSAGE",
            "name": "First-repo-from-harshal",
            "node_id": "R_kgDOR63uiQ",
            "pages": [],
            "primary_language": "",
            "private": false,
            "repo_id": 1202581129,
            "security_and_analysis": [
              {
                "advanced_security": [],
                "code_security": [],
                "secret_scanning": [
                  {
                    "status": "enabled"
                  }
                ],
                "secret_scanning_ai_detection": [],
                "secret_scanning_non_provider_patterns": [],
                "secret_scanning_push_protection": [
                  {
                    "status": "enabled"
                  }
                ]
              }
            ],
            "source_owner": "",
            "source_repo": "",
            "squash_merge_commit_message": "COMMIT_MESSAGES",
            "squash_merge_commit_title": "COMMIT_OR_PR_TITLE",
            "ssh_clone_url": "git@github.com:harshaldhangar7/First-repo-from-harshal.git",
            "svn_url": "https://github.com/harshaldhangar7/First-repo-from-harshal",
            "template": [],
            "topics": [],
            "visibility": "public",
            "vulnerability_alerts": false,
            "web_commit_signoff_required": false
          },
          "sensitive_attributes": [],
          "identity_schema_version": 0,
          "private": "eyJzY2hlbWFfdmVyc2lvbiI6IjEifQ=="
        }
      ]
    }
  ],
  "check_results": null
}
